
Microsoft Visual Studio Solution File, Format Version 12.00
# Visual Studio 2015
Project("{FAE04EC0-301F-11D3-BF4B-00C04F79EFBC}") = "HexDemo.CSharp", "HexDemo.CSharp.csproj", "{7A1A394E-29BC-210F-AAC9-C26974311551}"
EndProject
Project("{FAE04EC0-301F-11D3-BF4B-00C04F79EFBC}") = "HexDemo.CSharp.Editor", "HexDemo.CSharp.Editor.csproj", "{0F101087-FEA6-19F0-E967-938E4935448C}"
EndProject
Global
	GlobalSection(SolutionConfigurationPlatforms) = preSolution
		Debug|Any CPU = Debug|Any CPU
		Release|Any CPU = Release|Any CPU
	EndGlobalSection
	GlobalSection(ProjectConfigurationPlatforms) = postSolution
		{7A1A394E-29BC-210F-AAC9-C26974311551}.Debug|Any CPU.ActiveCfg = Debug|Any CPU
		{7A1A394E-29BC-210F-AAC9-C26974311551}.Debug|Any CPU.Build.0 = Debug|Any CPU
		{7A1A394E-29BC-210F-AAC9-C26974311551}.Release|Any CPU.ActiveCfg = Release|Any CPU
		{7A1A394E-29BC-210F-AAC9-C26974311551}.Release|Any CPU.Build.0 = Release|Any CPU
		{0F101087-FEA6-19F0-E967-938E4935448C}.Debug|Any CPU.ActiveCfg = Debug|Any CPU
		{0F101087-FEA6-19F0-E967-938E4935448C}.Debug|Any CPU.Build.0 = Debug|Any CPU
		{0F101087-FEA6-19F0-E967-938E4935448C}.Release|Any CPU.ActiveCfg = Release|Any CPU
		{0F101087-FEA6-19F0-E967-938E4935448C}.Release|Any CPU.Build.0 = Release|Any CPU
	EndGlobalSection
	GlobalSection(SolutionProperties) = preSolution
		HideSolutionNode = FALSE
	EndGlobalSection
EndGlobal
